
Microsoft Visual Studio Solution File, Format Version 12.00
# Visual Studio 14
VisualStudioVersion = 14.0.25123.0
MinimumVisualStudioVersion = 10.0.40219.1
Project("{FAE04EC0-301F-11D3-BF4B-00C04F79EFBC}") = "daijoubu_app", "daijoubu-app\daijoubu_app.csproj", "{B2582BE7-B472-407B-B612-C815EF45A1CA}"
EndProject
Project("{FAE04EC0-301F-11D3-BF4B-00C04F79EFBC}") = "AndroidHelper", "AndroidHelper\AndroidHelper.csproj", "{6CBB3B19-430A-4535-B0F3-FE4265160682}"
EndProject
Project("{FAE04EC0-301F-11D3-BF4B-00C04F79EFBC}") = "AndroidAssistant", "AndroidAssistant\AndroidAssistant.csproj", "{6E1CE078-45C0-41DE-971D-C75A1297BC99}"
EndProject
Global
	GlobalSection(SolutionConfigurationPlatforms) = preSolution
		Debug|Any CPU = Debug|Any CPU
		Release|Any CPU = Release|Any CPU
	EndGlobalSection
	GlobalSection(ProjectConfigurationPlatforms) = postSolution
		{B2582BE7-B472-407B-B612-C815EF45A1CA}.Debug|Any CPU.ActiveCfg = Debug|Any CPU
		{B2582BE7-B472-407B-B612-C815EF45A1CA}.Debug|Any CPU.Build.0 = Debug|Any CPU
		{B2582BE7-B472-407B-B612-C815EF45A1CA}.Debug|Any CPU.Deploy.0 = Debug|Any CPU
		{B2582BE7-B472-407B-B612-C815EF45A1CA}.Release|Any CPU.ActiveCfg = Release|Any CPU
		{B2582BE7-B472-407B-B612-C815EF45A1CA}.Release|Any CPU.Build.0 = Release|Any CPU
		{B2582BE7-B472-407B-B612-C815EF45A1CA}.Release|Any CPU.Deploy.0 = Release|Any CPU
		{6CBB3B19-430A-4535-B0F3-FE4265160682}.Debug|Any CPU.ActiveCfg = Debug|Any CPU
		{6CBB3B19-430A-4535-B0F3-FE4265160682}.Debug|Any CPU.Build.0 = Debug|Any CPU
		{6CBB3B19-430A-4535-B0F3-FE4265160682}.Release|Any CPU.ActiveCfg = Release|Any CPU
		{6CBB3B19-430A-4535-B0F3-FE4265160682}.Release|Any CPU.Build.0 = Release|Any CPU
		{6E1CE078-45C0-41DE-971D-C75A1297BC99}.Debug|Any CPU.ActiveCfg = Debug|Any CPU
		{6E1CE078-45C0-41DE-971D-C75A1297BC99}.Debug|Any CPU.Build.0 = Debug|Any CPU
		{6E1CE078-45C0-41DE-971D-C75A1297BC99}.Release|Any CPU.ActiveCfg = Release|Any CPU
		{6E1CE078-45C0-41DE-971D-C75A1297BC99}.Release|Any CPU.Build.0 = Release|Any CPU
	EndGlobalSection
	GlobalSection(SolutionProperties) = preSolution
		HideSolutionNode = FALSE
	EndGlobalSection
EndGlobal
